
Microsoft Visual Studio Solution File, Format Version 12.00
# Visual Studio Version 16
VisualStudioVersion = 16.0.30204.135
MinimumVisualStudioVersion = 10.0.40219.1
Project("{FAE04EC0-301F-11D3-BF4B-00C04F79EFBC}") = "Homework_07_WPF_Organizer", "Homework_07_WPF_Organizer.csproj", "{D790D55A-9DC9-49AB-82D6-710438449A31}"
EndProject
Global
	GlobalSection(SolutionConfigurationPlatforms) = preSolution
		Debug|Any CPU = Debug|Any CPU
		Release|Any CPU = Release|Any CPU
	EndGlobalSection
	GlobalSection(ProjectConfigurationPlatforms) = postSolution
		{D790D55A-9DC9-49AB-82D6-710438449A31}.Debug|Any CPU.ActiveCfg = Debug|Any CPU
		{D790D55A-9DC9-49AB-82D6-710438449A31}.Debug|Any CPU.Build.0 = Debug|Any CPU
		{D790D55A-9DC9-49AB-82D6-710438449A31}.Release|Any CPU.ActiveCfg = Release|Any CPU
		{D790D55A-9DC9-49AB-82D6-710438449A31}.Release|Any CPU.Build.0 = Release|Any CPU
	EndGlobalSection
	GlobalSection(SolutionProperties) = preSolution
		HideSolutionNode = FALSE
	EndGlobalSection
	GlobalSection(ExtensibilityGlobals) = postSolution
		SolutionGuid = {EEBBE623-3804-437F-9A79-3086B80386B5}
	EndGlobalSection
EndGlobal
